
Microsoft Visual Studio Solution File, Format Version 12.00
# Visual Studio Version 17
VisualStudioVersion = 17.9.34723.18
MinimumVisualStudioVersion = 10.0.40219.1
Project("{8BC9CEB8-8B4A-11D0-8D11-00A0C91BC942}") = "inchiriere_filme", "inchiriere_filme.vcxproj", "{9FBA2D05-3100-423E-857D-1DB79BFB8521}"
EndProject
Global
	GlobalSection(SolutionConfigurationPlatforms) = preSolution
		Debug|x64 = Debug|x64
		Debug|x86 = Debug|x86
		Release|x64 = Release|x64
		Release|x86 = Release|x86
	EndGlobalSection
	GlobalSection(ProjectConfigurationPlatforms) = postSolution
		{9FBA2D05-3100-423E-857D-1DB79BFB8521}.Debug|x64.ActiveCfg = Debug|x64
		{9FBA2D05-3100-423E-857D-1DB79BFB8521}.Debug|x64.Build.0 = Debug|x64
		{9FBA2D05-3100-423E-857D-1DB79BFB8521}.Debug|x86.ActiveCfg = Debug|Win32
		{9FBA2D05-3100-423E-857D-1DB79BFB8521}.Debug|x86.Build.0 = Debug|Win32
		{9FBA2D05-3100-423E-857D-1DB79BFB8521}.Release|x64.ActiveCfg = Release|x64
		{9FBA2D05-3100-423E-857D-1DB79BFB8521}.Release|x64.Build.0 = Release|x64
		{9FBA2D05-3100-423E-857D-1DB79BFB8521}.Release|x86.ActiveCfg = Release|Win32
		{9FBA2D05-3100-423E-857D-1DB79BFB8521}.Release|x86.Build.0 = Release|Win32
	EndGlobalSection
	GlobalSection(SolutionProperties) = preSolution
		HideSolutionNode = FALSE
	EndGlobalSection
	GlobalSection(ExtensibilityGlobals) = postSolution
		SolutionGuid = {0FAACA29-CB3B-4618-B982-B0D5B5033C6D}
	EndGlobalSection
EndGlobal
